
Microsoft Visual Studio Solution File, Format Version 12.00
# Visual Studio Version 17
VisualStudioVersion = 17.5.33516.290
MinimumVisualStudioVersion = 10.0.40219.1
Project("{FAE04EC0-301F-11D3-BF4B-00C04F79EFBC}") = "AdminLibrary", "AdminLibrary\AdminLibrary.csproj", "{56FDEE8C-238F-4A85-B4F1-826BEACE9106}"
EndProject
Global
	GlobalSection(SolutionConfigurationPlatforms) = preSolution
		Debug|Any CPU = Debug|Any CPU
		Release|Any CPU = Release|Any CPU
	EndGlobalSection
	GlobalSection(ProjectConfigurationPlatforms) = postSolution
		{56FDEE8C-238F-4A85-B4F1-826BEACE9106}.Debug|Any CPU.ActiveCfg = Debug|Any CPU
		{56FDEE8C-238F-4A85-B4F1-826BEACE9106}.Debug|Any CPU.Build.0 = Debug|Any CPU
		{56FDEE8C-238F-4A85-B4F1-826BEACE9106}.Release|Any CPU.ActiveCfg = Release|Any CPU
		{56FDEE8C-238F-4A85-B4F1-826BEACE9106}.Release|Any CPU.Build.0 = Release|Any CPU
	EndGlobalSection
	GlobalSection(SolutionProperties) = preSolution
		HideSolutionNode = FALSE
	EndGlobalSection
	GlobalSection(ExtensibilityGlobals) = postSolution
		SolutionGuid = {F8608964-1E5D-4780-8F23-B12DED8646F3}
	EndGlobalSection
EndGlobal
